
Microsoft Visual Studio Solution File, Format Version 12.00
# Visual Studio 14
VisualStudioVersion = 14.0.23107.0
MinimumVisualStudioVersion = 10.0.40219.1
Project("{FAE04EC0-301F-11D3-BF4B-00C04F79EFBC}") = "VendasASPNET", "VendasASPNET\VendasASPNET.csproj", "{0B791B45-B6AF-48F4-B8E9-CCD54F2755EC}"
EndProject
Project("{FAE04EC0-301F-11D3-BF4B-00C04F79EFBC}") = "VendasASPNET.Tests", "VendasASPNET.Tests\VendasASPNET.Tests.csproj", "{AEC04950-5754-4E31-B821-195A81F3CD97}"
EndProject
Global
	GlobalSection(SolutionConfigurationPlatforms) = preSolution
		Debug|Any CPU = Debug|Any CPU
		Release|Any CPU = Release|Any CPU
	EndGlobalSection
	GlobalSection(ProjectConfigurationPlatforms) = postSolution
		{0B791B45-B6AF-48F4-B8E9-CCD54F2755EC}.Debug|Any CPU.ActiveCfg = Debug|Any CPU
		{0B791B45-B6AF-48F4-B8E9-CCD54F2755EC}.Debug|Any CPU.Build.0 = Debug|Any CPU
		{0B791B45-B6AF-48F4-B8E9-CCD54F2755EC}.Release|Any CPU.ActiveCfg = Release|Any CPU
		{0B791B45-B6AF-48F4-B8E9-CCD54F2755EC}.Release|Any CPU.Build.0 = Release|Any CPU
		{AEC04950-5754-4E31-B821-195A81F3CD97}.Debug|Any CPU.ActiveCfg = Debug|Any CPU
		{AEC04950-5754-4E31-B821-195A81F3CD97}.Debug|Any CPU.Build.0 = Debug|Any CPU
		{AEC04950-5754-4E31-B821-195A81F3CD97}.Release|Any CPU.ActiveCfg = Release|Any CPU
		{AEC04950-5754-4E31-B821-195A81F3CD97}.Release|Any CPU.Build.0 = Release|Any CPU
	EndGlobalSection
	GlobalSection(SolutionProperties) = preSolution
		HideSolutionNode = FALSE
	EndGlobalSection
EndGlobal
